
Microsoft Visual Studio Solution File, Format Version 12.00
# Visual Studio Version 16
VisualStudioVersion = 16.0.30503.244
MinimumVisualStudioVersion = 10.0.40219.1
Project("{9A19103F-16F7-4668-BE54-9A1E7A4F7556}") = "DIIoC", "DIIoC\DIIoC.csproj", "{17EAD27C-E4F9-4940-B522-4BC9B07D8E65}"
EndProject
Project("{9A19103F-16F7-4668-BE54-9A1E7A4F7556}") = "YoutubeClient", "YoutubeClient\YoutubeClient.csproj", "{2E5C76B7-F74A-43B0-A508-AB3695762A16}"
EndProject
Project("{FAE04EC0-301F-11D3-BF4B-00C04F79EFBC}") = "TestYoutubeApp", "TestYoutubeApp\TestYoutubeApp.csproj", "{18D973DB-3D08-43A6-9B72-98DF73969642}"
EndProject
Project("{FAE04EC0-301F-11D3-BF4B-00C04F79EFBC}") = "Video.Model", "Video.Model\Video.Model.csproj", "{AE81DAA6-55A4-43E3-8A8C-1B027D3455D9}"
EndProject
Project("{FAE04EC0-301F-11D3-BF4B-00C04F79EFBC}") = "Video.Abstract", "Video.Abstract\Video.Abstract.csproj", "{00AECEFF-FD4B-4F9D-AC0A-0990A1D55E26}"
EndProject
Project("{FAE04EC0-301F-11D3-BF4B-00C04F79EFBC}") = "Video.Service", "Video.Service\Video.Service.csproj", "{153E84CB-CE8C-49A3-8506-E2B2BDC84025}"
EndProject
Global
	GlobalSection(SolutionConfigurationPlatforms) = preSolution
		Debug|Any CPU = Debug|Any CPU
		Release|Any CPU = Release|Any CPU
	EndGlobalSection
	GlobalSection(ProjectConfigurationPlatforms) = postSolution
		{17EAD27C-E4F9-4940-B522-4BC9B07D8E65}.Debug|Any CPU.ActiveCfg = Debug|Any CPU
		{17EAD27C-E4F9-4940-B522-4BC9B07D8E65}.Debug|Any CPU.Build.0 = Debug|Any CPU
		{17EAD27C-E4F9-4940-B522-4BC9B07D8E65}.Release|Any CPU.ActiveCfg = Release|Any CPU
		{17EAD27C-E4F9-4940-B522-4BC9B07D8E65}.Release|Any CPU.Build.0 = Release|Any CPU
		{2E5C76B7-F74A-43B0-A508-AB3695762A16}.Debug|Any CPU.ActiveCfg = Debug|Any CPU
		{2E5C76B7-F74A-43B0-A508-AB3695762A16}.Debug|Any CPU.Build.0 = Debug|Any CPU
		{2E5C76B7-F74A-43B0-A508-AB3695762A16}.Release|Any CPU.ActiveCfg = Release|Any CPU
		{2E5C76B7-F74A-43B0-A508-AB3695762A16}.Release|Any CPU.Build.0 = Release|Any CPU
		{18D973DB-3D08-43A6-9B72-98DF73969642}.Debug|Any CPU.ActiveCfg = Debug|Any CPU
		{18D973DB-3D08-43A6-9B72-98DF73969642}.Debug|Any CPU.Build.0 = Debug|Any CPU
		{18D973DB-3D08-43A6-9B72-98DF73969642}.Release|Any CPU.ActiveCfg = Release|Any CPU
		{18D973DB-3D08-43A6-9B72-98DF73969642}.Release|Any CPU.Build.0 = Release|Any CPU
		{AE81DAA6-55A4-43E3-8A8C-1B027D3455D9}.Debug|Any CPU.ActiveCfg = Debug|Any CPU
		{AE81DAA6-55A4-43E3-8A8C-1B027D3455D9}.Debug|Any CPU.Build.0 = Debug|Any CPU
		{AE81DAA6-55A4-43E3-8A8C-1B027D3455D9}.Release|Any CPU.ActiveCfg = Release|Any CPU
		{AE81DAA6-55A4-43E3-8A8C-1B027D3455D9}.Release|Any CPU.Build.0 = Release|Any CPU
		{00AECEFF-FD4B-4F9D-AC0A-0990A1D55E26}.Debug|Any CPU.ActiveCfg = Debug|Any CPU
		{00AECEFF-FD4B-4F9D-AC0A-0990A1D55E26}.Debug|Any CPU.Build.0 = Debug|Any CPU
		{00AECEFF-FD4B-4F9D-AC0A-0990A1D55E26}.Release|Any CPU.ActiveCfg = Release|Any CPU
		{00AECEFF-FD4B-4F9D-AC0A-0990A1D55E26}.Release|Any CPU.Build.0 = Release|Any CPU
		{153E84CB-CE8C-49A3-8506-E2B2BDC84025}.Debug|Any CPU.ActiveCfg = Debug|Any CPU
		{153E84CB-CE8C-49A3-8506-E2B2BDC84025}.Debug|Any CPU.Build.0 = Debug|Any CPU
		{153E84CB-CE8C-49A3-8506-E2B2BDC84025}.Release|Any CPU.ActiveCfg = Release|Any CPU
		{153E84CB-CE8C-49A3-8506-E2B2BDC84025}.Release|Any CPU.Build.0 = Release|Any CPU
	EndGlobalSection
	GlobalSection(SolutionProperties) = preSolution
		HideSolutionNode = FALSE
	EndGlobalSection
	GlobalSection(ExtensibilityGlobals) = postSolution
		SolutionGuid = {40E7F64D-31A6-4A39-806D-32F295117E6E}
	EndGlobalSection
EndGlobal
